
Microsoft Visual Studio Solution File, Format Version 12.00
# Visual Studio Version 16
VisualStudioVersion = 16.0.28803.156
MinimumVisualStudioVersion = 10.0.40219.1
Project("{FAE04EC0-301F-11D3-BF4B-00C04F79EFBC}") = "PorjetinhoApp", "PorjetinhoApp\PorjetinhoApp.csproj", "{AD75DD53-4935-4AAC-97E3-403B20E55186}"
EndProject
Global
	GlobalSection(SolutionConfigurationPlatforms) = preSolution
		Debug|Any CPU = Debug|Any CPU
		Release|Any CPU = Release|Any CPU
	EndGlobalSection
	GlobalSection(ProjectConfigurationPlatforms) = postSolution
		{AD75DD53-4935-4AAC-97E3-403B20E55186}.Debug|Any CPU.ActiveCfg = Debug|Any CPU
		{AD75DD53-4935-4AAC-97E3-403B20E55186}.Debug|Any CPU.Build.0 = Debug|Any CPU
		{AD75DD53-4935-4AAC-97E3-403B20E55186}.Release|Any CPU.ActiveCfg = Release|Any CPU
		{AD75DD53-4935-4AAC-97E3-403B20E55186}.Release|Any CPU.Build.0 = Release|Any CPU
	EndGlobalSection
	GlobalSection(SolutionProperties) = preSolution
		HideSolutionNode = FALSE
	EndGlobalSection
	GlobalSection(ExtensibilityGlobals) = postSolution
		SolutionGuid = {8DA9F257-C531-4F6B-9BEE-29D4CE8FAEA8}
	EndGlobalSection
EndGlobal
